<?xml version="1.0" encoding="utf-8"?>
<Project ToolsVersion="Current" xmlns="http://schemas.microsoft.com/developer/msbuild/2003">
  <ItemGroup>
    <Filter Include="Resources">
      <UniqueIdentifier>{ac80c6a1-ac7f-41cb-b723-b76e676ec4c9}</UniqueIdentifier>
    </Filter>
    <Filter Include="Sources">
      <UniqueIdentifier>{f2e50d91-fa87-4cc0-a75e-917903100f16}</UniqueIdentifier>
    </Filter>
    <Filter Include="Headers">
      <UniqueIdentifier>{18450f23-c8f7-443a-be43-16b5b4333a3b}</UniqueIdentifier>
    </Filter>
    <Filter Include="Supports">
      <UniqueIdentifier>{75b135a7-dc04-4516-86dc-95fafe63b191}</UniqueIdentifier>
    </Filter>
  </ItemGroup>
  <ItemGroup>
    <ClInclude Include="..\pipl\resources.h">
      <Filter>Resources</Filter>
    </ClInclude>
    <ClInclude Include="..\src\nothing.hh">
      <Filter>Headers</Filter>
    </ClInclude>
  </ItemGroup>
  <ItemGroup>
    <CustomBuild Include="..\pipl\nothing.r">
      <Filter>Resources</Filter>
    </CustomBuild>
  </ItemGroup>
  <ItemGroup>
    <ClCompile Include="..\src\nothing.cc">
      <Filter>Sources</Filter>
    </ClCompile>
    <ClCompile Include="..\include\aesdk\utils\Smart_Utils.cpp">
      <Filter>Supports</Filter>
    </ClCompile>
    <ClCompile Include="..\include\aesdk\utils\MissingSuiteError.cpp">
      <Filter>Supports</Filter>
    </ClCompile>
    <ClCompile Include="..\include\aesdk\utils\AEGP_SuiteHandler.cpp">
      <Filter>Supports</Filter>
    </ClCompile>
  </ItemGroup>
</Project>